// !$*UTF8*$!
{
	archiveVersion = 1;
	classes = {
	};
	objectVersion = 46;
	objects = {

/* Begin PBXBuildFile section */
		4147F95A1D61B68100D17550 /* main.m in Sources */ = {isa = PBXBuildFile; fileRef = 4147F9591D61B68100D17550 /* main.m */; };
		4147F95D1D61B68100D17550 /* AppDelegate.m in Sources */ = {isa = PBXBuildFile; fileRef = 4147F95C1D61B68100D17550 /* AppDelegate.m */; };
		4147F9631D61B68100D17550 /* Main.storyboard in Resources */ = {isa = PBXBuildFile; fileRef = 4147F9611D61B68100D17550 /* Main.storyboard */; };
		4147F9651D61B68100D17550 /* Assets.xcassets in Resources */ = {isa = PBXBuildFile; fileRef = 4147F9641D61B68100D17550 /* Assets.xcassets */; };
		4147F9681D61B68100D17550 /* LaunchScreen.storyboard in Resources */ = {isa = PBXBuildFile; fileRef = 4147F9661D61B68100D17550 /* LaunchScreen.storyboard */; };
		4147F9711D61B6D800D17550 /* DVHeaderStretchableTVC.m in Sources */ = {isa = PBXBuildFile; fileRef = 4147F9701D61B6D800D17550 /* DVHeaderStretchableTVC.m */; };
		4147F9751D61B99300D17550 /* TableViewController.m in Sources */ = {isa = PBXBuildFile; fileRef = 4147F9741D61B99300D17550 /* TableViewController.m */; };
/* End PBXBuildFile section */

/* Begin PBXFileReference section */
		4147F9551D61B68100D17550 /* DVHeaderStretchableTVC_Example.app */ = {isa = PBXFileReference; explicitFileType = wrapper.application; includeInIndex = 0; path = DVHeaderStretchableTVC_Example.app; sourceTree = BUILT_PRODUCTS_DIR; };
		4147F9591D61B68100D17550 /* main.m */ = {isa = PBXFileReference; lastKnownFileType = sourcecode.c.objc; path = main.m; sourceTree = "<group>"; };
		4147F95B1D61B68100D17550 /* AppDelegate.h */ = {isa = PBXFileReference; lastKnownFileType = sourcecode.c.h; path = AppDelegate.h; sourceTree = "<group>"; };
		4147F95C1D61B68100D17550 /* AppDelegate.m */ = {isa = PBXFileReference; lastKnownFileType = sourcecode.c.objc; path = AppDelegate.m; sourceTree = "<group>"; };
		4147F9621D61B68100D17550 /* Base */ = {isa = PBXFileReference; lastKnownFileType = file.storyboard; name = Base; path = Base.lproj/Main.storyboard; sourceTree = "<group>"; };
		4147F9641D61B68100D17550 /* Assets.xcassets */ = {isa = PBXFileReference; lastKnownFileType = folder.assetcatalog; path = Assets.xcassets; sourceTree = "<group>"; };
		4147F9671D61B68100D17550 /* Base */ = {isa = PBXFileReference; lastKnownFileType = file.storyboard; name = Base; path = Base.lproj/LaunchScreen.storyboard; sourceTree = "<group>"; };
		4147F9691D61B68100D17550 /* Info.plist */ = {isa = PBXFileReference; lastKnownFileType = text.plist.xml; path = Info.plist; sourceTree = "<group>"; };
		4147F96F1D61B6D800D17550 /* DVHeaderStretchableTVC.h */ = {isa = PBXFileReference; fileEncoding = 4; lastKnownFileType = sourcecode.c.h; name = DVHeaderStretchableTVC.h; path = ../../DVHeaderStretchableTVC/DVHeaderStretchableTVC.h; sourceTree = "<group>"; };
		4147F9701D61B6D800D17550 /* DVHeaderStretchableTVC.m */ = {isa = PBXFileReference; fileEncoding = 4; lastKnownFileType = sourcecode.c.objc; name = DVHeaderStretchableTVC.m; path = ../../DVHeaderStretchableTVC/DVHeaderStretchableTVC.m; sourceTree = "<group>"; };
		4147F9731D61B99300D17550 /* TableViewController.h */ = {isa = PBXFileReference; fileEncoding = 4; lastKnownFileType = sourcecode.c.h; path = TableViewController.h; sourceTree = "<group>"; };
		4147F9741D61B99300D17550 /* TableViewController.m */ = {isa = PBXFileReference; fileEncoding = 4; lastKnownFileType = sourcecode.c.objc; path = TableViewController.m; sourceTree = "<group>"; };
/* End PBXFileReference section */

/* Begin PBXFrameworksBuildPhase section */
		4147F9521D61B68100D17550 /* Frameworks */ = {
			isa = PBXFrameworksBuildPhase;
			buildActionMask = 2147483647;
			files = (
			);
			runOnlyForDeploymentPostprocessing = 0;
		};
/* End PBXFrameworksBuildPhase section */

/* Begin PBXGroup section */
		4147F94C1D61B68100D17550 = {
			isa = PBXGroup;
			children = (
				4147F9721D61B6DE00D17550 /* DVHeaderStretchableTVC */,
				4147F9571D61B68100D17550 /* DVHeaderStretchableTVC_Example */,
				4147F9561D61B68100D17550 /* Products */,
			);
			sourceTree = "<group>";
		};
		4147F9561D61B68100D17550 /* Products */ = {
			isa = PBXGroup;
			children = (
				4147F9551D61B68100D17550 /* DVHeaderStretchableTVC_Example.app */,
			);
			name = Products;
			sourceTree = "<group>";
		};
		4147F9571D61B68100D17550 /* DVHeaderStretchableTVC_Example */ = {
			isa = PBXGroup;
			children = (
				4147F95B1D61B68100D17550 /* AppDelegate.h */,
				4147F95C1D61B68100D17550 /* AppDelegate.m */,
				4147F9731D61B99300D17550 /* TableViewController.h */,
				4147F9741D61B99300D17550 /* TableViewController.m */,
				4147F9611D61B68100D17550 /* Main.storyboard */,
				4147F9641D61B68100D17550 /* Assets.xcassets */,
				4147F9661D61B68100D17550 /* LaunchScreen.storyboard */,
				4147F9691D61B68100D17550 /* Info.plist */,
				4147F9581D61B68100D17550 /* Supporting Files */,
			);
			path = DVHeaderStretchableTVC_Example;
			sourceTree = "<group>";
		};
		4147F9581D61B68100D17550 /* Supporting Files */ = {
			isa = PBXGroup;
			children = (
				4147F9591D61B68100D17550 /* main.m */,
			);
			name = "Supporting Files";
			sourceTree = "<group>";
		};
		4147F9721D61B6DE00D17550 /* DVHeaderStretchableTVC */ = {
			isa = PBXGroup;
			children = (
				4147F96F1D61B6D800D17550 /* DVHeaderStretchableTVC.h */,
				4147F9701D61B6D800D17550 /* DVHeaderStretchableTVC.m */,
			);
			name = DVHeaderStretchableTVC;
			path = DVHeaderStretchableTVC_Example;
			sourceTree = "<group>";
		};
/* End PBXGroup section */

/* Begin PBXNativeTarget section */
		4147F9541D61B68100D17550 /* DVHeaderStretchableTVC_Example */ = {
			isa = PBXNativeTarget;
			buildConfigurationList = 4147F96C1D61B68100D17550 /* Build configuration list for PBXNativeTarget "DVHeaderStretchableTVC_Example" */;
			buildPhases = (
				4147F9511D61B68100D17550 /* Sources */,
				4147F9521D61B68100D17550 /* Frameworks */,
				4147F9531D61B68100D17550 /* Resources */,
			);
			buildRules = (
			);
			dependencies = (
			);
			name = DVHeaderStretchableTVC_Example;
			productName = DVHeaderStretchableTVC_Example;
			productReference = 4147F9551D61B68100D17550 /* DVHeaderStretchableTVC_Example.app */;
			productType = "com.apple.product-type.application";
		};
/* End PBXNativeTarget section */

/* Begin PBXProject section */
		4147F94D1D61B68100D17550 /* Project object */ = {
			isa = PBXProject;
			attributes = {
				LastUpgradeCheck = 0730;
				ORGANIZATIONNAME = "Denis Vashkovski";
				TargetAttributes = {
					4147F9541D61B68100D17550 = {
						CreatedOnToolsVersion = 7.3.1;
					};
				};
			};
			buildConfigurationList = 4147F9501D61B68100D17550 /* Build configuration list for PBXProject "DVHeaderStretchableTVC_Example" */;
			compatibilityVersion = "Xcode 3.2";
			developmentRegion = English;
			hasScannedForEncodings = 0;
			knownRegions = (
				en,
				Base,
			);
			mainGroup = 4147F94C1D61B68100D17550;
			productRefGroup = 4147F9561D61B68100D17550 /* Products */;
			projectDirPath = "";
			projectRoot = "";
			targets = (
				4147F9541D61B68100D17550 /* DVHeaderStretchableTVC_Example */,
			);
		};
/* End PBXProject section */

/* Begin PBXResourcesBuildPhase section */
		4147F9531D61B68100D17550 /* Resources */ = {
			isa = PBXResourcesBuildPhase;
			buildActionMask = 2147483647;
			files = (
				4147F9681D61B68100D17550 /* LaunchScreen.storyboard in Resources */,
				4147F9651D61B68100D17550 /* Assets.xcassets in Resources */,
				4147F9631D61B68100D17550 /* Main.storyboard in Resources */,
			);
			runOnlyForDeploymentPostprocessing = 0;
		};
/* End PBXResourcesBuildPhase section */

/* Begin PBXSourcesBuildPhase section */
		4147F9511D61B68100D17550 /* Sources */ = {
			isa = PBXSourcesBuildPhase;
			buildActionMask = 2147483647;
			files = (
				4147F9711D61B6D800D17550 /* DVHeaderStretchableTVC.m in Sources */,
				4147F95D1D61B68100D17550 /* AppDelegate.m in Sources */,
				4147F9751D61B99300D17550 /* TableViewController.m in Sources */,
				4147F95A1D61B68100D17550 /* main.m in Sources */,
			);
			runOnlyForDeploymentPostprocessing = 0;
		};
/* End PBXSourcesBuildPhase section */

/* Begin PBXVariantGroup section */
		4147F9611D61B68100D17550 /* Main.storyboard */ = {
			isa = PBXVariantGroup;
			children = (
				4147F9621D61B68100D17550 /* Base */,
			);
			name = Main.storyboard;
			sourceTree = "<group>";
		};
		4147F9661D61B68100D17550 /* LaunchScreen.storyboard */ = {
			isa = PBXVariantGroup;
			children = (
				4147F9671D61B68100D17550 /* Base */,
			);
			name = LaunchScreen.storyboard;
			sourceTree = "<group>";
		};
/* End PBXVariantGroup section */

/* Begin XCBuildConfiguration section */
		4147F96A1D61B68100D17550 /* Debug */ = {
			isa = XCBuildConfiguration;
			buildSettings = {
				ALWAYS_SEARCH_USER_PATHS = NO;
				CLANG_ANALYZER_NONNULL = YES;
				CLANG_CXX_LANGUAGE_STANDARD = "gnu++0x";
				CLANG_CXX_LIBRARY = "libc++";
				CLANG_ENABLE_MODULES = YES;
				CLANG_ENABLE_OBJC_ARC = YES;
				CLANG_WARN_BOOL_CONVERSION = YES;
				CLANG_WARN_CONSTANT_CONVERSION = YES;
				CLANG_WARN_DIRECT_OBJC_ISA_USAGE = YES_ERROR;
				CLANG_WARN_EMPTY_BODY = YES;
				CLANG_WARN_ENUM_CONVERSION = YES;
				CLANG_WARN_INT_CONVERSION = YES;
				CLANG_WARN_OBJC_ROOT_CLASS = YES_ERROR;
				CLANG_WARN_UNREACHABLE_CODE = YES;
				CLANG_WARN__DUPLICATE_METHOD_MATCH = YES;
				"CODE_SIGN_IDENTITY[sdk=iphoneos*]" = "iPhone Developer";
				COPY_PHASE_STRIP = NO;
				DEBUG_INFORMATION_FORMAT = dwarf;
				ENABLE_STRICT_OBJC_MSGSEND = YES;
				ENABLE_TESTABILITY = YES;
				GCC_C_LANGUAGE_STANDARD = gnu99;
				GCC_DYNAMIC_NO_PIC = NO;
				GCC_NO_COMMON_BLOCKS = YES;
				GCC_OPTIMIZATION_LEVEL = 0;
				GCC_PREPROCESSOR_DEFINITIONS = (
					"DEBUG=1",
					"$(inherited)",
				);
				GCC_WARN_64_TO_32_BIT_CONVERSION = YES;
				GCC_WARN_ABOUT_RETURN_TYPE = YES_ERROR;
				GCC_WARN_UNDECLARED_SELECTOR = YES;
				GCC_WARN_UNINITIALIZED_AUTOS = YES_AGGRESSIVE;
				GCC_WARN_UNUSED_FUNCTION = YES;
				GCC_WARN_UNUSED_VARIABLE = YES;
				IPHONEOS_DEPLOYMENT_TARGET = 9.3;
				MTL_ENABLE_DEBUG_INFO = YES;
				ONLY_ACTIVE_ARCH = YES;
				SDKROOT = iphoneos;
			};
			name = Debug;
		};
		4147F96B1D61B68100D17550 /* Release */ = {
			isa = XCBuildConfiguration;
			buildSettings = {
				ALWAYS_SEARCH_USER_PATHS = NO;
				CLANG_ANALYZER_NONNULL = YES;
				CLANG_CXX_LANGUAGE_STANDARD = "gnu++0x";
				CLANG_CXX_LIBRARY = "libc++";
				CLANG_ENABLE_MODULES = YES;
				CLANG_ENABLE_OBJC_ARC = YES;
				CLANG_WARN_BOOL_CONVERSION = YES;
				CLANG_WARN_CONSTANT_CONVERSION = YES;
				CLANG_WARN_DIRECT_OBJC_ISA_USAGE = YES_ERROR;
				CLANG_WARN_EMPTY_BODY = YES;
				CLANG_WARN_ENUM_CONVERSION = YES;
				CLANG_WARN_INT_CONVERSION = YES;
				CLANG_WARN_OBJC_ROOT_CLASS = YES_ERROR;
				CLANG_WARN_UNREACHABLE_CODE = YES;
				CLANG_WARN__DUPLICATE_METHOD_MATCH = YES;
				"CODE_SIGN_IDENTITY[sdk=iphoneos*]" = "iPhone Developer";
				COPY_PHASE_STRIP = NO;
				DEBUG_INFORMATION_FORMAT = "dwarf-with-dsym";
				ENABLE_NS_ASSERTIONS = NO;
				ENABLE_STRICT_OBJC_MSGSEND = YES;
				GCC_C_LANGUAGE_STANDARD = gnu99;
				GCC_NO_COMMON_BLOCKS = YES;
				GCC_WARN_64_TO_32_BIT_CONVERSION = YES;
				GCC_WARN_ABOUT_RETURN_TYPE = YES_ERROR;
				GCC_WARN_UNDECLARED_SELECTOR = YES;
				GCC_WARN_UNINITIALIZED_AUTOS = YES_AGGRESSIVE;
				GCC_WARN_UNUSED_FUNCTION = YES;
				GCC_WARN_UNUSED_VARIABLE = YES;
				IPHONEOS_DEPLOYMENT_TARGET = 9.3;
				MTL_ENABLE_DEBUG_INFO = NO;
				SDKROOT = iphoneos;
				VALIDATE_PRODUCT = YES;
			};
			name = Release;
		};
		4147F96D1D61B68100D17550 /* Debug */ = {
			isa = XCBuildConfiguration;
			buildSettings = {
				ASSETCATALOG_COMPILER_APPICON_NAME = AppIcon;
				INFOPLIST_FILE = DVHeaderStretchableTVC_Example/Info.plist;
				LD_RUNPATH_SEARCH_PATHS = "$(inherited) @executable_path/Frameworks";
				PRODUCT_BUNDLE_IDENTIFIER = "com.vandv.DVHeaderStretchableTVC-Example";
				PRODUCT_NAME = "$(TARGET_NAME)";
			};
			name = Debug;
		};
		4147F96E1D61B68100D17550 /* Release */ = {
			isa = XCBuildConfiguration;
			buildSettings = {
				ASSETCATALOG_COMPILER_APPICON_NAME = AppIcon;
				INFOPLIST_FILE = DVHeaderStretchableTVC_Example/Info.plist;
				LD_RUNPATH_SEARCH_PATHS = "$(inherited) @executable_path/Frameworks";
				PRODUCT_BUNDLE_IDENTIFIER = "com.vandv.DVHeaderStretchableTVC-Example";
				PRODUCT_NAME = "$(TARGET_NAME)";
			};
			name = Release;
		};
/* End XCBuildConfiguration section */

/* Begin XCConfigurationList section */
		4147F9501D61B68100D17550 /* Build configuration list for PBXProject "DVHeaderStretchableTVC_Example" */ = {
			isa = XCConfigurationList;
			buildConfigurations = (
				4147F96A1D61B68100D17550 /* Debug */,
				4147F96B1D61B68100D17550 /* Release */,
			);
			defaultConfigurationIsVisible = 0;
			defaultConfigurationName = Release;
		};
		4147F96C1D61B68100D17550 /* Build configuration list for PBXNativeTarget "DVHeaderStretchableTVC_Example" */ = {
			isa = XCConfigurationList;
			buildConfigurations = (
				4147F96D1D61B68100D17550 /* Debug */,
				4147F96E1D61B68100D17550 /* Release */,
			);
			defaultConfigurationIsVisible = 0;
		};
/* End XCConfigurationList section */
	};
	rootObject = 4147F94D1D61B68100D17550 /* Project object */;
}
